// !$*UTF8*$!
{
	archiveVersion = 1;
	classes = {
	};
	objectVersion = 51;
	objects = {

/* Begin PBXBuildFile section */
		2D0FAF46252786180050FA61 /* (null) in Resources */ = {isa = PBXBuildFile; };
		2D2F232F25795630001F7227 /* ApiError.swift in Sources */ = {isa = PBXBuildFile; fileRef = 2D2F232E25795630001F7227 /* ApiError.swift */; };
		2D2F23352579574D001F7227 /* DomainError.swift in Sources */ = {isa = PBXBuildFile; fileRef = 2D2F23342579574D001F7227 /* DomainError.swift */; };
		2D2F233D25795A93001F7227 /* MoyaService.swift in Sources */ = {isa = PBXBuildFile; fileRef = 2D2F233C25795A93001F7227 /* MoyaService.swift */; };
		2D37DD0B25224A4B003DCA67 /* BaseviewController.swift in Sources */ = {isa = PBXBuildFile; fileRef = B490E2FA24BB71DE00B079C0 /* BaseviewController.swift */; };
		2D71CDE1253CAE5C008025BE /* searchResults.json in Resources */ = {isa = PBXBuildFile; fileRef = 2D71CDE0253CAE5C008025BE /* searchResults.json */; };
		2D71E347254C9177007ECC14 /* InfoView.swift in Sources */ = {isa = PBXBuildFile; fileRef = 2D71E345254C9176007ECC14 /* InfoView.swift */; };
		2D71E348254C9177007ECC14 /* InfoView.xib in Resources */ = {isa = PBXBuildFile; fileRef = 2D71E346254C9177007ECC14 /* InfoView.xib */; };
		2D87C69B258FC167006871CC /* MoyaApiService.swift in Sources */ = {isa = PBXBuildFile; fileRef = 2D87C69A258FC167006871CC /* MoyaApiService.swift */; };
		2D87C69F258FC18A006871CC /* ListMoyaProvider.swift in Sources */ = {isa = PBXBuildFile; fileRef = 2D87C69E258FC18A006871CC /* ListMoyaProvider.swift */; };
		2D87C700258FC563006871CC /* DataContainerDI.swift in Sources */ = {isa = PBXBuildFile; fileRef = 2D87C6FF258FC563006871CC /* DataContainerDI.swift */; };
		2D87C707258FC75B006871CC /* ContactsService.swift in Sources */ = {isa = PBXBuildFile; fileRef = 2D2F2338257959E6001F7227 /* ContactsService.swift */; };
		2D87C70B258FC9C1006871CC /* PaginatorParams.swift in Sources */ = {isa = PBXBuildFile; fileRef = 2D87C70A258FC9C1006871CC /* PaginatorParams.swift */; };
		2D87C70F258FCF28006871CC /* Moya+.swift in Sources */ = {isa = PBXBuildFile; fileRef = 2D87C70E258FCF28006871CC /* Moya+.swift */; };
		2D87C717258FD127006871CC /* DomainContainerDI.swift in Sources */ = {isa = PBXBuildFile; fileRef = 2D87C716258FD127006871CC /* DomainContainerDI.swift */; };
		2DA0C22925A0F25500173507 /* swiftlint.yml in Resources */ = {isa = PBXBuildFile; fileRef = 2DA0C22825A0F25500173507 /* swiftlint.yml */; };
		2DBACFF625B0C2EF004CB8F9 /* Data+.swift in Sources */ = {isa = PBXBuildFile; fileRef = 2DBACFF525B0C2EF004CB8F9 /* Data+.swift */; };
		2DBAD00325B0C3C7004CB8F9 /* ApiErrorTest.swift in Sources */ = {isa = PBXBuildFile; fileRef = 2DBAD00225B0C3C7004CB8F9 /* ApiErrorTest.swift */; };
		2DBAD00725B0C4D8004CB8F9 /* ErrorResponse.json in Resources */ = {isa = PBXBuildFile; fileRef = 2DBAD00625B0C4D8004CB8F9 /* ErrorResponse.json */; };
		2DBAD00B25B0C557004CB8F9 /* ListError.swift in Sources */ = {isa = PBXBuildFile; fileRef = 2DBAD00A25B0C557004CB8F9 /* ListError.swift */; };
		B424742724D8611E0036F25A /* SelectedContactsViewModelTest.swift in Sources */ = {isa = PBXBuildFile; fileRef = B424742624D8611E0036F25A /* SelectedContactsViewModelTest.swift */; };
		B424742924D8735C0036F25A /* SelectedContactsViewControllerTest.swift in Sources */ = {isa = PBXBuildFile; fileRef = B424742824D8735C0036F25A /* SelectedContactsViewControllerTest.swift */; };
		B43F9BB9249F3DD000ACC137 /* AppDelegate.swift in Sources */ = {isa = PBXBuildFile; fileRef = B43F9BB8249F3DD000ACC137 /* AppDelegate.swift */; };
		B43F9BBB249F3DD000ACC137 /* SceneDelegate.swift in Sources */ = {isa = PBXBuildFile; fileRef = B43F9BBA249F3DD000ACC137 /* SceneDelegate.swift */; };
		B43F9BC0249F3DD000ACC137 /* Main.storyboard in Resources */ = {isa = PBXBuildFile; fileRef = B43F9BBE249F3DD000ACC137 /* Main.storyboard */; };
		B43F9BC2249F3DD100ACC137 /* Assets.xcassets in Resources */ = {isa = PBXBuildFile; fileRef = B43F9BC1249F3DD100ACC137 /* Assets.xcassets */; };
		B43F9BC5249F3DD100ACC137 /* LaunchScreen.storyboard in Resources */ = {isa = PBXBuildFile; fileRef = B43F9BC3249F3DD100ACC137 /* LaunchScreen.storyboard */; };
		B43F9BDD249F414B00ACC137 /* BaseApiParams.swift in Sources */ = {isa = PBXBuildFile; fileRef = B43F9BDC249F414B00ACC137 /* BaseApiParams.swift */; };
		B43F9BE0249F417400ACC137 /* String+Extensions.swift in Sources */ = {isa = PBXBuildFile; fileRef = B43F9BDF249F417400ACC137 /* String+Extensions.swift */; };
		B43F9BE2249F419500ACC137 /* Date+Extensions.swift in Sources */ = {isa = PBXBuildFile; fileRef = B43F9BE1249F419500ACC137 /* Date+Extensions.swift */; };
		B43F9BED249F44FB00ACC137 /* Contact.swift in Sources */ = {isa = PBXBuildFile; fileRef = B43F9BEC249F44FB00ACC137 /* Contact.swift */; };
		B43F9BF4249F464900ACC137 /* ContactsUseCase.swift in Sources */ = {isa = PBXBuildFile; fileRef = B43F9BF3249F464900ACC137 /* ContactsUseCase.swift */; };
		B43F9BF7249F46D900ACC137 /* ContactsRepository.swift in Sources */ = {isa = PBXBuildFile; fileRef = B43F9BF6249F46D900ACC137 /* ContactsRepository.swift */; };
		B43F9BF9249F475F00ACC137 /* ContactsUseCaseTest.swift in Sources */ = {isa = PBXBuildFile; fileRef = B43F9BF8249F475F00ACC137 /* ContactsUseCaseTest.swift */; };
		B43F9BFB249F488500ACC137 /* SuperHeroResponse.swift in Sources */ = {isa = PBXBuildFile; fileRef = B43F9BFA249F488500ACC137 /* SuperHeroResponse.swift */; };
		B43F9BFD249F489500ACC137 /* DataClass.swift in Sources */ = {isa = PBXBuildFile; fileRef = B43F9BFC249F489500ACC137 /* DataClass.swift */; };
		B43F9BFF249F48AA00ACC137 /* Results.swift in Sources */ = {isa = PBXBuildFile; fileRef = B43F9BFE249F48AA00ACC137 /* Results.swift */; };
		B43F9C01249F48C400ACC137 /* Thumbnail.swift in Sources */ = {isa = PBXBuildFile; fileRef = B43F9C00249F48C400ACC137 /* Thumbnail.swift */; };
		B43F9C03249F48E400ACC137 /* Extension.swift in Sources */ = {isa = PBXBuildFile; fileRef = B43F9C02249F48E400ACC137 /* Extension.swift */; };
		B43F9C06249F49A200ACC137 /* ContactsRepositoryImplm.swift in Sources */ = {isa = PBXBuildFile; fileRef = B43F9C05249F49A200ACC137 /* ContactsRepositoryImplm.swift */; };
		B43F9C09249F49D700ACC137 /* ContactsApiService.swift in Sources */ = {isa = PBXBuildFile; fileRef = B43F9C08249F49D700ACC137 /* ContactsApiService.swift */; };
		B43F9C0B249F4A2800ACC137 /* ContactsApiServiceImplm.swift in Sources */ = {isa = PBXBuildFile; fileRef = B43F9C0A249F4A2800ACC137 /* ContactsApiServiceImplm.swift */; };
		B43F9C0F249F4BD900ACC137 /* Application.swift in Sources */ = {isa = PBXBuildFile; fileRef = B43F9C0E249F4BD900ACC137 /* Application.swift */; };
		B45FF24F24C305F200826F32 /* ContactsRepositoryTest.swift in Sources */ = {isa = PBXBuildFile; fileRef = B45FF24E24C305F200826F32 /* ContactsRepositoryTest.swift */; };
		B45FF25224C30F7F00826F32 /* StoryTest.swift in Sources */ = {isa = PBXBuildFile; fileRef = B45FF25124C30F7F00826F32 /* StoryTest.swift */; };
		B45FF25524C3515100826F32 /* ContactViewModelTest.swift in Sources */ = {isa = PBXBuildFile; fileRef = B45FF25424C3515100826F32 /* ContactViewModelTest.swift */; };
		B45FF25724C35E4700826F32 /* ContactsFake.swift in Sources */ = {isa = PBXBuildFile; fileRef = B45FF25624C35E4700826F32 /* ContactsFake.swift */; };
		B462EBA524C1FAD9007C9B9D /* ContactResponseTest.swift in Sources */ = {isa = PBXBuildFile; fileRef = B462EBA424C1FAD9007C9B9D /* ContactResponseTest.swift */; };
		B462EBA824C1FC68007C9B9D /* contacts.json in Resources */ = {isa = PBXBuildFile; fileRef = B462EBA724C1FC68007C9B9D /* contacts.json */; };
		B462EBAA24C1FC95007C9B9D /* XCTestCase+.swift in Sources */ = {isa = PBXBuildFile; fileRef = B462EBA924C1FC95007C9B9D /* XCTestCase+.swift */; };
		B462EBAC24C20130007C9B9D /* contact.json in Resources */ = {isa = PBXBuildFile; fileRef = B462EBAB24C20130007C9B9D /* contact.json */; };
		B490E2FF24BB80D000B079C0 /* SelectedContactsViewController.swift in Sources */ = {isa = PBXBuildFile; fileRef = B490E2FE24BB80D000B079C0 /* SelectedContactsViewController.swift */; };
		B490E30424BB8F3D00B079C0 /* DetailContactsViewModel.swift in Sources */ = {isa = PBXBuildFile; fileRef = B490E30324BB8F3D00B079C0 /* DetailContactsViewModel.swift */; };
		B490E30724BB8F9700B079C0 /* DetailContact.swift in Sources */ = {isa = PBXBuildFile; fileRef = B490E30624BB8F9700B079C0 /* DetailContact.swift */; };
		B4ACAC18249F527E00180834 /* ContactsViewModel.swift in Sources */ = {isa = PBXBuildFile; fileRef = B4ACAC17249F527E00180834 /* ContactsViewModel.swift */; };
		B4ACAC1A249F54BE00180834 /* ListContactsViewController.swift in Sources */ = {isa = PBXBuildFile; fileRef = B4ACAC19249F54BE00180834 /* ListContactsViewController.swift */; };
		B4ACAC1E249F569900180834 /* ContactsTableViewCell.swift in Sources */ = {isa = PBXBuildFile; fileRef = B4ACAC1C249F569900180834 /* ContactsTableViewCell.swift */; };
		B4ACAC1F249F569900180834 /* ContactsTableViewCell.xib in Resources */ = {isa = PBXBuildFile; fileRef = B4ACAC1D249F569900180834 /* ContactsTableViewCell.xib */; };
		B4ACAC22249F584400180834 /* Bindable.swift in Sources */ = {isa = PBXBuildFile; fileRef = B4ACAC21249F584400180834 /* Bindable.swift */; };
		B4ACAC24249F586F00180834 /* PrimitiveSequence+Extensions.swift in Sources */ = {isa = PBXBuildFile; fileRef = B4ACAC23249F586F00180834 /* PrimitiveSequence+Extensions.swift */; };
		B4AEABCB24BE0950006C0B91 /* Scene.swift in Sources */ = {isa = PBXBuildFile; fileRef = B4AEABCA24BE0950006C0B91 /* Scene.swift */; };
		B4AEABCD24BE0A1E006C0B91 /* Scene+ViewController.swift in Sources */ = {isa = PBXBuildFile; fileRef = B4AEABCC24BE0A1E006C0B91 /* Scene+ViewController.swift */; };
		B4C0493E24D1FB500019FCD1 /* ContactsViewControllerTest.swift in Sources */ = {isa = PBXBuildFile; fileRef = B4A032B424C4B03B00DEA70B /* ContactsViewControllerTest.swift */; };
		B4EA035C24BEE370009ECBE4 /* SceneCoordinator.swift in Sources */ = {isa = PBXBuildFile; fileRef = B4EA035B24BEE370009ECBE4 /* SceneCoordinator.swift */; };
		B4EA035E24BEE385009ECBE4 /* SceneCoordinatorType.swift in Sources */ = {isa = PBXBuildFile; fileRef = B4EA035D24BEE385009ECBE4 /* SceneCoordinatorType.swift */; };
		B4EA036024BEE434009ECBE4 /* SceneTransitionType.swift in Sources */ = {isa = PBXBuildFile; fileRef = B4EA035F24BEE434009ECBE4 /* SceneTransitionType.swift */; };
		B9CCF081769E640F7AA25C2F /* Pods_List.framework in Frameworks */ = {isa = PBXBuildFile; fileRef = C2B1A961A8ADD515F6F6B8F5 /* Pods_List.framework */; };
		BF507D7D89C612FDC370D133 /* Pods_ListTests.framework in Frameworks */ = {isa = PBXBuildFile; fileRef = 5978BACE524679A939A5FD2E /* Pods_ListTests.framework */; };
/* End PBXBuildFile section */

/* Begin PBXContainerItemProxy section */
		B43F9BCC249F3DD100ACC137 /* PBXContainerItemProxy */ = {
			isa = PBXContainerItemProxy;
			containerPortal = B43F9BAD249F3DD000ACC137 /* Project object */;
			proxyType = 1;
			remoteGlobalIDString = B43F9BB4249F3DD000ACC137;
			remoteInfo = List;
		};
/* End PBXContainerItemProxy section */

/* Begin PBXFileReference section */
		2D2F232E25795630001F7227 /* ApiError.swift */ = {isa = PBXFileReference; lastKnownFileType = sourcecode.swift; path = ApiError.swift; sourceTree = "<group>"; };
		2D2F23342579574D001F7227 /* DomainError.swift */ = {isa = PBXFileReference; lastKnownFileType = sourcecode.swift; path = DomainError.swift; sourceTree = "<group>"; };
		2D2F2338257959E6001F7227 /* ContactsService.swift */ = {isa = PBXFileReference; lastKnownFileType = sourcecode.swift; path = ContactsService.swift; sourceTree = "<group>"; };
		2D2F233C25795A93001F7227 /* MoyaService.swift */ = {isa = PBXFileReference; lastKnownFileType = sourcecode.swift; path = MoyaService.swift; sourceTree = "<group>"; };
		2D71CDE0253CAE5C008025BE /* searchResults.json */ = {isa = PBXFileReference; lastKnownFileType = text.json; path = searchResults.json; sourceTree = "<group>"; };
		2D71E345254C9176007ECC14 /* InfoView.swift */ = {isa = PBXFileReference; fileEncoding = 4; lastKnownFileType = sourcecode.swift; path = InfoView.swift; sourceTree = "<group>"; };
		2D71E346254C9177007ECC14 /* InfoView.xib */ = {isa = PBXFileReference; fileEncoding = 4; lastKnownFileType = file.xib; path = InfoView.xib; sourceTree = "<group>"; };
		2D87C69A258FC167006871CC /* MoyaApiService.swift */ = {isa = PBXFileReference; lastKnownFileType = sourcecode.swift; path = MoyaApiService.swift; sourceTree = "<group>"; };
		2D87C69E258FC18A006871CC /* ListMoyaProvider.swift */ = {isa = PBXFileReference; lastKnownFileType = sourcecode.swift; path = ListMoyaProvider.swift; sourceTree = "<group>"; };
		2D87C6FF258FC563006871CC /* DataContainerDI.swift */ = {isa = PBXFileReference; lastKnownFileType = sourcecode.swift; path = DataContainerDI.swift; sourceTree = "<group>"; };
		2D87C70A258FC9C1006871CC /* PaginatorParams.swift */ = {isa = PBXFileReference; lastKnownFileType = sourcecode.swift; path = PaginatorParams.swift; sourceTree = "<group>"; };
		2D87C70E258FCF28006871CC /* Moya+.swift */ = {isa = PBXFileReference; lastKnownFileType = sourcecode.swift; path = "Moya+.swift"; sourceTree = "<group>"; };
		2D87C716258FD127006871CC /* DomainContainerDI.swift */ = {isa = PBXFileReference; lastKnownFileType = sourcecode.swift; path = DomainContainerDI.swift; sourceTree = "<group>"; };
		2DA0C22825A0F25500173507 /* swiftlint.yml */ = {isa = PBXFileReference; lastKnownFileType = text.yaml; path = swiftlint.yml; sourceTree = "<group>"; };
		2DBACFF525B0C2EF004CB8F9 /* Data+.swift */ = {isa = PBXFileReference; lastKnownFileType = sourcecode.swift; path = "Data+.swift"; sourceTree = "<group>"; };
		2DBAD00225B0C3C7004CB8F9 /* ApiErrorTest.swift */ = {isa = PBXFileReference; lastKnownFileType = sourcecode.swift; path = ApiErrorTest.swift; sourceTree = "<group>"; };
		2DBAD00625B0C4D8004CB8F9 /* ErrorResponse.json */ = {isa = PBXFileReference; lastKnownFileType = text.json; path = ErrorResponse.json; sourceTree = "<group>"; };
		2DBAD00A25B0C557004CB8F9 /* ListError.swift */ = {isa = PBXFileReference; lastKnownFileType = sourcecode.swift; path = ListError.swift; sourceTree = "<group>"; };
		5978BACE524679A939A5FD2E /* Pods_ListTests.framework */ = {isa = PBXFileReference; explicitFileType = wrapper.framework; includeInIndex = 0; path = Pods_ListTests.framework; sourceTree = BUILT_PRODUCTS_DIR; };
		A686FDB7048A19DEA8984673 /* Pods-ListTests.release.xcconfig */ = {isa = PBXFileReference; includeInIndex = 1; lastKnownFileType = text.xcconfig; name = "Pods-ListTests.release.xcconfig"; path = "Target Support Files/Pods-ListTests/Pods-ListTests.release.xcconfig"; sourceTree = "<group>"; };
		AD6151FA0D71D94FCF86DF88 /* Pods-List.debug.xcconfig */ = {isa = PBXFileReference; includeInIndex = 1; lastKnownFileType = text.xcconfig; name = "Pods-List.debug.xcconfig"; path = "Target Support Files/Pods-List/Pods-List.debug.xcconfig"; sourceTree = "<group>"; };
		B424742624D8611E0036F25A /* SelectedContactsViewModelTest.swift */ = {isa = PBXFileReference; lastKnownFileType = sourcecode.swift; path = SelectedContactsViewModelTest.swift; sourceTree = "<group>"; };
		B424742824D8735C0036F25A /* SelectedContactsViewControllerTest.swift */ = {isa = PBXFileReference; lastKnownFileType = sourcecode.swift; path = SelectedContactsViewControllerTest.swift; sourceTree = "<group>"; };
		B43F9BB5249F3DD000ACC137 /* List.app */ = {isa = PBXFileReference; explicitFileType = wrapper.application; includeInIndex = 0; path = List.app; sourceTree = BUILT_PRODUCTS_DIR; };
		B43F9BB8249F3DD000ACC137 /* AppDelegate.swift */ = {isa = PBXFileReference; lastKnownFileType = sourcecode.swift; path = AppDelegate.swift; sourceTree = "<group>"; };
		B43F9BBA249F3DD000ACC137 /* SceneDelegate.swift */ = {isa = PBXFileReference; lastKnownFileType = sourcecode.swift; path = SceneDelegate.swift; sourceTree = "<group>"; };
		B43F9BBF249F3DD000ACC137 /* Base */ = {isa = PBXFileReference; lastKnownFileType = file.storyboard; name = Base; path = Base.lproj/Main.storyboard; sourceTree = "<group>"; };
		B43F9BC1249F3DD100ACC137 /* Assets.xcassets */ = {isa = PBXFileReference; lastKnownFileType = folder.assetcatalog; path = Assets.xcassets; sourceTree = "<group>"; };
		B43F9BC4249F3DD100ACC137 /* Base */ = {isa = PBXFileReference; lastKnownFileType = file.storyboard; name = Base; path = Base.lproj/LaunchScreen.storyboard; sourceTree = "<group>"; };
		B43F9BC6249F3DD100ACC137 /* Info.plist */ = {isa = PBXFileReference; lastKnownFileType = text.plist.xml; path = Info.plist; sourceTree = "<group>"; };
		B43F9BCB249F3DD100ACC137 /* ListTests.xctest */ = {isa = PBXFileReference; explicitFileType = wrapper.cfbundle; includeInIndex = 0; path = ListTests.xctest; sourceTree = BUILT_PRODUCTS_DIR; };
		B43F9BD1249F3DD100ACC137 /* Info.plist */ = {isa = PBXFileReference; lastKnownFileType = text.plist.xml; path = Info.plist; sourceTree = "<group>"; };
		B43F9BDC249F414B00ACC137 /* BaseApiParams.swift */ = {isa = PBXFileReference; lastKnownFileType = sourcecode.swift; path = BaseApiParams.swift; sourceTree = "<group>"; };
		B43F9BDF249F417400ACC137 /* String+Extensions.swift */ = {isa = PBXFileReference; lastKnownFileType = sourcecode.swift; path = "String+Extensions.swift"; sourceTree = "<group>"; };
		B43F9BE1249F419500ACC137 /* Date+Extensions.swift */ = {isa = PBXFileReference; lastKnownFileType = sourcecode.swift; path = "Date+Extensions.swift"; sourceTree = "<group>"; };
		B43F9BEC249F44FB00ACC137 /* Contact.swift */ = {isa = PBXFileReference; lastKnownFileType = sourcecode.swift; path = Contact.swift; sourceTree = "<group>"; };
		B43F9BF3249F464900ACC137 /* ContactsUseCase.swift */ = {isa = PBXFileReference; lastKnownFileType = sourcecode.swift; path = ContactsUseCase.swift; sourceTree = "<group>"; };
		B43F9BF6249F46D900ACC137 /* ContactsRepository.swift */ = {isa = PBXFileReference; lastKnownFileType = sourcecode.swift; path = ContactsRepository.swift; sourceTree = "<group>"; };
		B43F9BF8249F475F00ACC137 /* ContactsUseCaseTest.swift */ = {isa = PBXFileReference; lastKnownFileType = sourcecode.swift; path = ContactsUseCaseTest.swift; sourceTree = "<group>"; };
		B43F9BFA249F488500ACC137 /* SuperHeroResponse.swift */ = {isa = PBXFileReference; lastKnownFileType = sourcecode.swift; path = SuperHeroResponse.swift; sourceTree = "<group>"; };
		B43F9BFC249F489500ACC137 /* DataClass.swift */ = {isa = PBXFileReference; lastKnownFileType = sourcecode.swift; path = DataClass.swift; sourceTree = "<group>"; };
		B43F9BFE249F48AA00ACC137 /* Results.swift */ = {isa = PBXFileReference; lastKnownFileType = sourcecode.swift; path = Results.swift; sourceTree = "<group>"; };
		B43F9C00249F48C400ACC137 /* Thumbnail.swift */ = {isa = PBXFileReference; lastKnownFileType = sourcecode.swift; path = Thumbnail.swift; sourceTree = "<group>"; };
		B43F9C02249F48E400ACC137 /* Extension.swift */ = {isa = PBXFileReference; lastKnownFileType = sourcecode.swift; path = Extension.swift; sourceTree = "<group>"; };
		B43F9C05249F49A200ACC137 /* ContactsRepositoryImplm.swift */ = {isa = PBXFileReference; lastKnownFileType = sourcecode.swift; path = ContactsRepositoryImplm.swift; sourceTree = "<group>"; };
		B43F9C08249F49D700ACC137 /* ContactsApiService.swift */ = {isa = PBXFileReference; lastKnownFileType = sourcecode.swift; path = ContactsApiService.swift; sourceTree = "<group>"; };
		B43F9C0A249F4A2800ACC137 /* ContactsApiServiceImplm.swift */ = {isa = PBXFileReference; lastKnownFileType = sourcecode.swift; path = ContactsApiServiceImplm.swift; sourceTree = "<group>"; };
		B43F9C0E249F4BD900ACC137 /* Application.swift */ = {isa = PBXFileReference; lastKnownFileType = sourcecode.swift; path = Application.swift; sourceTree = "<group>"; };
		B45FF24E24C305F200826F32 /* ContactsRepositoryTest.swift */ = {isa = PBXFileReference; lastKnownFileType = sourcecode.swift; path = ContactsRepositoryTest.swift; sourceTree = "<group>"; };
		B45FF25124C30F7F00826F32 /* StoryTest.swift */ = {isa = PBXFileReference; lastKnownFileType = sourcecode.swift; path = StoryTest.swift; sourceTree = "<group>"; };
		B45FF25424C3515100826F32 /* ContactViewModelTest.swift */ = {isa = PBXFileReference; lastKnownFileType = sourcecode.swift; path = ContactViewModelTest.swift; sourceTree = "<group>"; };
		B45FF25624C35E4700826F32 /* ContactsFake.swift */ = {isa = PBXFileReference; lastKnownFileType = sourcecode.swift; path = ContactsFake.swift; sourceTree = "<group>"; };
		B462EBA424C1FAD9007C9B9D /* ContactResponseTest.swift */ = {isa = PBXFileReference; lastKnownFileType = sourcecode.swift; path = ContactResponseTest.swift; sourceTree = "<group>"; };
		B462EBA724C1FC68007C9B9D /* contacts.json */ = {isa = PBXFileReference; lastKnownFileType = text.json; path = contacts.json; sourceTree = "<group>"; };
		B462EBA924C1FC95007C9B9D /* XCTestCase+.swift */ = {isa = PBXFileReference; lastKnownFileType = sourcecode.swift; path = "XCTestCase+.swift"; sourceTree = "<group>"; };
		B462EBAB24C20130007C9B9D /* contact.json */ = {isa = PBXFileReference; lastKnownFileType = text.json; path = contact.json; sourceTree = "<group>"; };
		B490E2FA24BB71DE00B079C0 /* BaseviewController.swift */ = {isa = PBXFileReference; lastKnownFileType = sourcecode.swift; path = BaseviewController.swift; sourceTree = "<group>"; };
		B490E2FE24BB80D000B079C0 /* SelectedContactsViewController.swift */ = {isa = PBXFileReference; lastKnownFileType = sourcecode.swift; path = SelectedContactsViewController.swift; sourceTree = "<group>"; };
		B490E30324BB8F3D00B079C0 /* DetailContactsViewModel.swift */ = {isa = PBXFileReference; lastKnownFileType = sourcecode.swift; path = DetailContactsViewModel.swift; sourceTree = "<group>"; };
		B490E30624BB8F9700B079C0 /* DetailContact.swift */ = {isa = PBXFileReference; lastKnownFileType = sourcecode.swift; path = DetailContact.swift; sourceTree = "<group>"; };
		B4A032B424C4B03B00DEA70B /* ContactsViewControllerTest.swift */ = {isa = PBXFileReference; lastKnownFileType = sourcecode.swift; path = ContactsViewControllerTest.swift; sourceTree = "<group>"; };
		B4A032B624C4B48C00DEA70B /* ContactsFake.swift */ = {isa = PBXFileReference; lastKnownFileType = sourcecode.swift; path = ContactsFake.swift; sourceTree = "<group>"; };
		B4ACAC17249F527E00180834 /* ContactsViewModel.swift */ = {isa = PBXFileReference; lastKnownFileType = sourcecode.swift; path = ContactsViewModel.swift; sourceTree = "<group>"; };
		B4ACAC19249F54BE00180834 /* ListContactsViewController.swift */ = {isa = PBXFileReference; lastKnownFileType = sourcecode.swift; path = ListContactsViewController.swift; sourceTree = "<group>"; };
		B4ACAC1C249F569900180834 /* ContactsTableViewCell.swift */ = {isa = PBXFileReference; lastKnownFileType = sourcecode.swift; path = ContactsTableViewCell.swift; sourceTree = "<group>"; };
		B4ACAC1D249F569900180834 /* ContactsTableViewCell.xib */ = {isa = PBXFileReference; lastKnownFileType = file.xib; path = ContactsTableViewCell.xib; sourceTree = "<group>"; };
		B4ACAC21249F584400180834 /* Bindable.swift */ = {isa = PBXFileReference; lastKnownFileType = sourcecode.swift; path = Bindable.swift; sourceTree = "<group>"; };
		B4ACAC23249F586F00180834 /* PrimitiveSequence+Extensions.swift */ = {isa = PBXFileReference; lastKnownFileType = sourcecode.swift; path = "PrimitiveSequence+Extensions.swift"; sourceTree = "<group>"; };
		B4AEABCA24BE0950006C0B91 /* Scene.swift */ = {isa = PBXFileReference; lastKnownFileType = sourcecode.swift; path = Scene.swift; sourceTree = "<group>"; };
		B4AEABCC24BE0A1E006C0B91 /* Scene+ViewController.swift */ = {isa = PBXFileReference; lastKnownFileType = sourcecode.swift; path = "Scene+ViewController.swift"; sourceTree = "<group>"; };
		B4EA035B24BEE370009ECBE4 /* SceneCoordinator.swift */ = {isa = PBXFileReference; lastKnownFileType = sourcecode.swift; path = SceneCoordinator.swift; sourceTree = "<group>"; };
		B4EA035D24BEE385009ECBE4 /* SceneCoordinatorType.swift */ = {isa = PBXFileReference; lastKnownFileType = sourcecode.swift; path = SceneCoordinatorType.swift; sourceTree = "<group>"; };
		B4EA035F24BEE434009ECBE4 /* SceneTransitionType.swift */ = {isa = PBXFileReference; lastKnownFileType = sourcecode.swift; path = SceneTransitionType.swift; sourceTree = "<group>"; };
		C2B1A961A8ADD515F6F6B8F5 /* Pods_List.framework */ = {isa = PBXFileReference; explicitFileType = wrapper.framework; includeInIndex = 0; path = Pods_List.framework; sourceTree = BUILT_PRODUCTS_DIR; };
		D542E817153DEBBEC9455F98 /* Pods-List.release.xcconfig */ = {isa = PBXFileReference; includeInIndex = 1; lastKnownFileType = text.xcconfig; name = "Pods-List.release.xcconfig"; path = "Target Support Files/Pods-List/Pods-List.release.xcconfig"; sourceTree = "<group>"; };
		F607D0DA9039698B2420F9F2 /* Pods-ListTests.debug.xcconfig */ = {isa = PBXFileReference; includeInIndex = 1; lastKnownFileType = text.xcconfig; name = "Pods-ListTests.debug.xcconfig"; path = "Target Support Files/Pods-ListTests/Pods-ListTests.debug.xcconfig"; sourceTree = "<group>"; };
/* End PBXFileReference section */

/* Begin PBXFrameworksBuildPhase section */
		B43F9BB2249F3DD000ACC137 /* Frameworks */ = {
			isa = PBXFrameworksBuildPhase;
			buildActionMask = 2147483647;
			files = (
				B9CCF081769E640F7AA25C2F /* Pods_List.framework in Frameworks */,
			);
			runOnlyForDeploymentPostprocessing = 0;
		};
		B43F9BC8249F3DD100ACC137 /* Frameworks */ = {
			isa = PBXFrameworksBuildPhase;
			buildActionMask = 2147483647;
			files = (
				BF507D7D89C612FDC370D133 /* Pods_ListTests.framework in Frameworks */,
			);
			runOnlyForDeploymentPostprocessing = 0;
		};
/* End PBXFrameworksBuildPhase section */

/* Begin PBXGroup section */
		2D2F232D25795618001F7227 /* Moya */ = {
			isa = PBXGroup;
			children = (
				2D2F232E25795630001F7227 /* ApiError.swift */,
				2D2F233C25795A93001F7227 /* MoyaService.swift */,
				2D87C69A258FC167006871CC /* MoyaApiService.swift */,
				2D87C69E258FC18A006871CC /* ListMoyaProvider.swift */,
			);
			path = Moya;
			sourceTree = "<group>";
		};
		2D87C6FE258FC334006871CC /* ContainerDI */ = {
			isa = PBXGroup;
			children = (
				2D87C6FF258FC563006871CC /* DataContainerDI.swift */,
				2D87C716258FD127006871CC /* DomainContainerDI.swift */,
			);
			path = ContainerDI;
			sourceTree = "<group>";
		};
		2DBACFF925B0C392004CB8F9 /* ApiError */ = {
			isa = PBXGroup;
			children = (
				2DBAD00225B0C3C7004CB8F9 /* ApiErrorTest.swift */,
			);
			path = ApiError;
			sourceTree = "<group>";
		};
		B43F9BAC249F3DD000ACC137 = {
			isa = PBXGroup;
			children = (
				2DA0C22825A0F25500173507 /* swiftlint.yml */,
				B43F9BB7249F3DD000ACC137 /* List */,
				B43F9BCE249F3DD100ACC137 /* ListTests */,
				B43F9BB6249F3DD000ACC137 /* Products */,
				DB961F24F380403AE6FD7AEC /* Pods */,
				FEF8DD1453C97CB79E0B5489 /* Frameworks */,
			);
			sourceTree = "<group>";
		};
		B43F9BB6249F3DD000ACC137 /* Products */ = {
			isa = PBXGroup;
			children = (
				B43F9BB5249F3DD000ACC137 /* List.app */,
				B43F9BCB249F3DD100ACC137 /* ListTests.xctest */,
			);
			name = Products;
			sourceTree = "<group>";
		};
		B43F9BB7249F3DD000ACC137 /* List */ = {
			isa = PBXGroup;
			children = (
				B4AEABC924BE093D006C0B91 /* Coordinator */,
				B43F9BEB249F44CE00ACC137 /* Data */,
				B43F9BE5249F432A00ACC137 /* Domain */,
				B43F9BDE249F416600ACC137 /* Extensions */,
				B43F9BDA249F40CF00ACC137 /* API */,
				B43F9BDB249F40EA00ACC137 /* App */,
				B43F9BC1249F3DD100ACC137 /* Assets.xcassets */,
				B43F9BC3249F3DD100ACC137 /* LaunchScreen.storyboard */,
				B43F9BC6249F3DD100ACC137 /* Info.plist */,
			);
			path = List;
			sourceTree = "<group>";
		};
		B43F9BCE249F3DD100ACC137 /* ListTests */ = {
			isa = PBXGroup;
			children = (
				B43F9BD1249F3DD100ACC137 /* Info.plist */,
				B4A032B324C4AFF600DEA70B /* ViewControllerTest */,
				B45FF25324C3512F00826F32 /* ViewModelTest */,
				B45FF25024C30F5900826F32 /* CoordinatorTest */,
				B462EBA624C1FBD8007C9B9D /* Stubs */,
				B43F9C0D249F4B6800ACC137 /* DataTest */,
				B43F9C0C249F4B5C00ACC137 /* DomainTest */,
				B462EBA924C1FC95007C9B9D /* XCTestCase+.swift */,
				B4A032B624C4B48C00DEA70B /* ContactsFake.swift */,
			);
			path = ListTests;
			sourceTree = "<group>";
		};
		B43F9BDA249F40CF00ACC137 /* API */ = {
			isa = PBXGroup;
			children = (
				B43F9BDC249F414B00ACC137 /* BaseApiParams.swift */,
				2D87C70A258FC9C1006871CC /* PaginatorParams.swift */,
			);
			path = API;
			sourceTree = "<group>";
		};
		B43F9BDB249F40EA00ACC137 /* App */ = {
			isa = PBXGroup;
			children = (
				2D87C6FE258FC334006871CC /* ContainerDI */,
				B4ACAC1B249F567100180834 /* VisualElements */,
				B4ACAC20249F582D00180834 /* Protocols */,
				B4ACAC15249F512D00180834 /* AppLaunch */,
				B4ACAC14249F512200180834 /* Scenes */,
			);
			path = App;
			sourceTree = "<group>";
		};
		B43F9BDE249F416600ACC137 /* Extensions */ = {
			isa = PBXGroup;
			children = (
				B43F9BDF249F417400ACC137 /* String+Extensions.swift */,
				B43F9BE1249F419500ACC137 /* Date+Extensions.swift */,
				B4ACAC23249F586F00180834 /* PrimitiveSequence+Extensions.swift */,
				2D87C70E258FCF28006871CC /* Moya+.swift */,
				2DBACFF525B0C2EF004CB8F9 /* Data+.swift */,
			);
			path = Extensions;
			sourceTree = "<group>";
		};
		B43F9BE5249F432A00ACC137 /* Domain */ = {
			isa = PBXGroup;
			children = (
				B43F9BF5249F46C500ACC137 /* Repository */,
				B43F9BF2249F460600ACC137 /* UseCase */,
				B43F9BE8249F434400ACC137 /* Entities */,
			);
			path = Domain;
			sourceTree = "<group>";
		};
		B43F9BE8249F434400ACC137 /* Entities */ = {
			isa = PBXGroup;
			children = (
				B490E30524BB8F8000B079C0 /* DetailContact */,
				B43F9BEA249F448700ACC137 /* Contact */,
				B43F9BE9249F434E00ACC137 /* Error */,
			);
			path = Entities;
			sourceTree = "<group>";
		};
		B43F9BE9249F434E00ACC137 /* Error */ = {
			isa = PBXGroup;
			children = (
				2D2F23342579574D001F7227 /* DomainError.swift */,
				2DBAD00A25B0C557004CB8F9 /* ListError.swift */,
			);
			path = Error;
			sourceTree = "<group>";
		};
		B43F9BEA249F448700ACC137 /* Contact */ = {
			isa = PBXGroup;
			children = (
				B43F9BEC249F44FB00ACC137 /* Contact.swift */,
			);
			path = Contact;
			sourceTree = "<group>";
		};
		B43F9BEB249F44CE00ACC137 /* Data */ = {
			isa = PBXGroup;
			children = (
				2D2F232D25795618001F7227 /* Moya */,
				B43F9C07249F49BE00ACC137 /* ApiService */,
				B43F9C04249F492900ACC137 /* RepositoryImplm */,
				B43F9BF1249F45DA00ACC137 /* Entity */,
			);
			path = Data;
			sourceTree = "<group>";
		};
		B43F9BF1249F45DA00ACC137 /* Entity */ = {
			isa = PBXGroup;
			children = (
				B43F9BFA249F488500ACC137 /* SuperHeroResponse.swift */,
				B43F9BFC249F489500ACC137 /* DataClass.swift */,
				B43F9BFE249F48AA00ACC137 /* Results.swift */,
				B43F9C00249F48C400ACC137 /* Thumbnail.swift */,
				B43F9C02249F48E400ACC137 /* Extension.swift */,
			);
			path = Entity;
			sourceTree = "<group>";
		};
		B43F9BF2249F460600ACC137 /* UseCase */ = {
			isa = PBXGroup;
			children = (
				B43F9BF3249F464900ACC137 /* ContactsUseCase.swift */,
			);
			path = UseCase;
			sourceTree = "<group>";
		};
		B43F9BF5249F46C500ACC137 /* Repository */ = {
			isa = PBXGroup;
			children = (
				B43F9BF6249F46D900ACC137 /* ContactsRepository.swift */,
			);
			path = Repository;
			sourceTree = "<group>";
		};
		B43F9C04249F492900ACC137 /* RepositoryImplm */ = {
			isa = PBXGroup;
			children = (
				B43F9C05249F49A200ACC137 /* ContactsRepositoryImplm.swift */,
			);
			path = RepositoryImplm;
			sourceTree = "<group>";
		};
		B43F9C07249F49BE00ACC137 /* ApiService */ = {
			isa = PBXGroup;
			children = (
				B43F9C08249F49D700ACC137 /* ContactsApiService.swift */,
				B43F9C0A249F4A2800ACC137 /* ContactsApiServiceImplm.swift */,
				2D2F2338257959E6001F7227 /* ContactsService.swift */,
			);
			path = ApiService;
			sourceTree = "<group>";
		};
		B43F9C0C249F4B5C00ACC137 /* DomainTest */ = {
			isa = PBXGroup;
			children = (
				B43F9BF8249F475F00ACC137 /* ContactsUseCaseTest.swift */,
			);
			path = DomainTest;
			sourceTree = "<group>";
		};
		B43F9C0D249F4B6800ACC137 /* DataTest */ = {
			isa = PBXGroup;
			children = (
				2DBACFF925B0C392004CB8F9 /* ApiError */,
				B45FF24D24C302C800826F32 /* Repository */,
				B45FF24C24C302BF00826F32 /* Entity */,
			);
			path = DataTest;
			sourceTree = "<group>";
		};
		B45FF24C24C302BF00826F32 /* Entity */ = {
			isa = PBXGroup;
			children = (
				B462EBA424C1FAD9007C9B9D /* ContactResponseTest.swift */,
			);
			path = Entity;
			sourceTree = "<group>";
		};
		B45FF24D24C302C800826F32 /* Repository */ = {
			isa = PBXGroup;
			children = (
				B45FF24E24C305F200826F32 /* ContactsRepositoryTest.swift */,
			);
			path = Repository;
			sourceTree = "<group>";
		};
		B45FF25024C30F5900826F32 /* CoordinatorTest */ = {
			isa = PBXGroup;
			children = (
				B45FF25124C30F7F00826F32 /* StoryTest.swift */,
			);
			path = CoordinatorTest;
			sourceTree = "<group>";
		};
		B45FF25324C3512F00826F32 /* ViewModelTest */ = {
			isa = PBXGroup;
			children = (
				B45FF25424C3515100826F32 /* ContactViewModelTest.swift */,
				B45FF25624C35E4700826F32 /* ContactsFake.swift */,
				B424742624D8611E0036F25A /* SelectedContactsViewModelTest.swift */,
			);
			path = ViewModelTest;
			sourceTree = "<group>";
		};
		B462EBA624C1FBD8007C9B9D /* Stubs */ = {
			isa = PBXGroup;
			children = (
				B462EBA724C1FC68007C9B9D /* contacts.json */,
				B462EBAB24C20130007C9B9D /* contact.json */,
				2D71CDE0253CAE5C008025BE /* searchResults.json */,
				2DBAD00625B0C4D8004CB8F9 /* ErrorResponse.json */,
			);
			path = Stubs;
			sourceTree = "<group>";
		};
		B490E2F924BB71CC00B079C0 /* Base */ = {
			isa = PBXGroup;
			children = (
				B490E2FA24BB71DE00B079C0 /* BaseviewController.swift */,
			);
			path = Base;
			sourceTree = "<group>";
		};
		B490E2FC24BB7D4500B079C0 /* MainContactList */ = {
			isa = PBXGroup;
			children = (
				B4ACAC19249F54BE00180834 /* ListContactsViewController.swift */,
			);
			path = MainContactList;
			sourceTree = "<group>";
		};
		B490E2FD24BB7D5700B079C0 /* SelectedContactsScene */ = {
			isa = PBXGroup;
			children = (
				B490E2FE24BB80D000B079C0 /* SelectedContactsViewController.swift */,
			);
			path = SelectedContactsScene;
			sourceTree = "<group>";
		};
		B490E30124BB8F1100B079C0 /* Main */ = {
			isa = PBXGroup;
			children = (
				B4ACAC16249F51E900180834 /* ViewModel */,
				B490E2FC24BB7D4500B079C0 /* MainContactList */,
			);
			path = Main;
			sourceTree = "<group>";
		};
		B490E30224BB8F1C00B079C0 /* Detail */ = {
			isa = PBXGroup;
			children = (
				B490E2FD24BB7D5700B079C0 /* SelectedContactsScene */,
				B490E30324BB8F3D00B079C0 /* DetailContactsViewModel.swift */,
			);
			path = Detail;
			sourceTree = "<group>";
		};
		B490E30524BB8F8000B079C0 /* DetailContact */ = {
			isa = PBXGroup;
			children = (
				B490E30624BB8F9700B079C0 /* DetailContact.swift */,
			);
			path = DetailContact;
			sourceTree = "<group>";
		};
		B4A032B324C4AFF600DEA70B /* ViewControllerTest */ = {
			isa = PBXGroup;
			children = (
				B4A032B424C4B03B00DEA70B /* ContactsViewControllerTest.swift */,
				B424742824D8735C0036F25A /* SelectedContactsViewControllerTest.swift */,
			);
			path = ViewControllerTest;
			sourceTree = "<group>";
		};
		B4ACAC14249F512200180834 /* Scenes */ = {
			isa = PBXGroup;
			children = (
				B490E30224BB8F1C00B079C0 /* Detail */,
				B490E2F924BB71CC00B079C0 /* Base */,
				B490E30124BB8F1100B079C0 /* Main */,
			);
			path = Scenes;
			sourceTree = "<group>";
		};
		B4ACAC15249F512D00180834 /* AppLaunch */ = {
			isa = PBXGroup;
			children = (
				B43F9C0E249F4BD900ACC137 /* Application.swift */,
				B43F9BB8249F3DD000ACC137 /* AppDelegate.swift */,
				B43F9BBA249F3DD000ACC137 /* SceneDelegate.swift */,
			);
			path = AppLaunch;
			sourceTree = "<group>";
		};
		B4ACAC16249F51E900180834 /* ViewModel */ = {
			isa = PBXGroup;
			children = (
				B4ACAC17249F527E00180834 /* ContactsViewModel.swift */,
			);
			path = ViewModel;
			sourceTree = "<group>";
		};
		B4ACAC1B249F567100180834 /* VisualElements */ = {
			isa = PBXGroup;
			children = (
				2D71E345254C9176007ECC14 /* InfoView.swift */,
				2D71E346254C9177007ECC14 /* InfoView.xib */,
				B43F9BBE249F3DD000ACC137 /* Main.storyboard */,
				B4D61F4D250537B300F2AC20 /* ContactsTableViewCell */,
			);
			path = VisualElements;
			sourceTree = "<group>";
		};
		B4ACAC20249F582D00180834 /* Protocols */ = {
			isa = PBXGroup;
			children = (
				B4ACAC21249F584400180834 /* Bindable.swift */,
			);
			path = Protocols;
			sourceTree = "<group>";
		};
		B4AEABC924BE093D006C0B91 /* Coordinator */ = {
			isa = PBXGroup;
			children = (
				B4AEABCA24BE0950006C0B91 /* Scene.swift */,
				B4AEABCC24BE0A1E006C0B91 /* Scene+ViewController.swift */,
				B4EA035B24BEE370009ECBE4 /* SceneCoordinator.swift */,
				B4EA035D24BEE385009ECBE4 /* SceneCoordinatorType.swift */,
				B4EA035F24BEE434009ECBE4 /* SceneTransitionType.swift */,
			);
			path = Coordinator;
			sourceTree = "<group>";
		};
		B4D61F4D250537B300F2AC20 /* ContactsTableViewCell */ = {
			isa = PBXGroup;
			children = (
				B4ACAC1C249F569900180834 /* ContactsTableViewCell.swift */,
				B4ACAC1D249F569900180834 /* ContactsTableViewCell.xib */,
			);
			path = ContactsTableViewCell;
			sourceTree = "<group>";
		};
		DB961F24F380403AE6FD7AEC /* Pods */ = {
			isa = PBXGroup;
			children = (
				AD6151FA0D71D94FCF86DF88 /* Pods-List.debug.xcconfig */,
				D542E817153DEBBEC9455F98 /* Pods-List.release.xcconfig */,
				F607D0DA9039698B2420F9F2 /* Pods-ListTests.debug.xcconfig */,
				A686FDB7048A19DEA8984673 /* Pods-ListTests.release.xcconfig */,
			);
			path = Pods;
			sourceTree = "<group>";
		};
		FEF8DD1453C97CB79E0B5489 /* Frameworks */ = {
			isa = PBXGroup;
			children = (
				C2B1A961A8ADD515F6F6B8F5 /* Pods_List.framework */,
				5978BACE524679A939A5FD2E /* Pods_ListTests.framework */,
			);
			name = Frameworks;
			sourceTree = "<group>";
		};
/* End PBXGroup section */

/* Begin PBXNativeTarget section */
		B43F9BB4249F3DD000ACC137 /* List */ = {
			isa = PBXNativeTarget;
			buildConfigurationList = B43F9BD4249F3DD100ACC137 /* Build configuration list for PBXNativeTarget "List" */;
			buildPhases = (
				54CE60AB87A67A33C7B63CAE /* [CP] Check Pods Manifest.lock */,
				B43F9BB1249F3DD000ACC137 /* Sources */,
				B43F9BB2249F3DD000ACC137 /* Frameworks */,
				B43F9BB3249F3DD000ACC137 /* Resources */,
				853AFDE04B7FE53E4EA7E336 /* [CP] Embed Pods Frameworks */,
			);
			buildRules = (
			);
			dependencies = (
			);
			name = List;
			productName = List;
			productReference = B43F9BB5249F3DD000ACC137 /* List.app */;
			productType = "com.apple.product-type.application";
		};
		B43F9BCA249F3DD100ACC137 /* ListTests */ = {
			isa = PBXNativeTarget;
			buildConfigurationList = B43F9BD7249F3DD100ACC137 /* Build configuration list for PBXNativeTarget "ListTests" */;
			buildPhases = (
				E6E7C9AE0605848ED8762632 /* [CP] Check Pods Manifest.lock */,
				B43F9BC7249F3DD100ACC137 /* Sources */,
				B43F9BC8249F3DD100ACC137 /* Frameworks */,
				B43F9BC9249F3DD100ACC137 /* Resources */,
				EEED8945B9FA8DC78149DD09 /* [CP] Embed Pods Frameworks */,
			);
			buildRules = (
			);
			dependencies = (
				B43F9BCD249F3DD100ACC137 /* PBXTargetDependency */,
			);
			name = ListTests;
			productName = ListTests;
			productReference = B43F9BCB249F3DD100ACC137 /* ListTests.xctest */;
			productType = "com.apple.product-type.bundle.unit-test";
		};
/* End PBXNativeTarget section */

/* Begin PBXProject section */
		B43F9BAD249F3DD000ACC137 /* Project object */ = {
			isa = PBXProject;
			attributes = {
				LastSwiftUpdateCheck = 1150;
				LastUpgradeCheck = 1150;
				ORGANIZATIONNAME = "Miguel Goñi";
				TargetAttributes = {
					B43F9BB4249F3DD000ACC137 = {
						CreatedOnToolsVersion = 11.5;
					};
					B43F9BCA249F3DD100ACC137 = {
						CreatedOnToolsVersion = 11.5;
						LastSwiftMigration = 1150;
						TestTargetID = B43F9BB4249F3DD000ACC137;
					};
				};
			};
			buildConfigurationList = B43F9BB0249F3DD000ACC137 /* Build configuration list for PBXProject "List" */;
			compatibilityVersion = "Xcode 9.3";
			developmentRegion = en;
			hasScannedForEncodings = 0;
			knownRegions = (
				en,
				Base,
			);
			mainGroup = B43F9BAC249F3DD000ACC137;
			productRefGroup = B43F9BB6249F3DD000ACC137 /* Products */;
			projectDirPath = "";
			projectRoot = "";
			targets = (
				B43F9BB4249F3DD000ACC137 /* List */,
				B43F9BCA249F3DD100ACC137 /* ListTests */,
			);
		};
/* End PBXProject section */

/* Begin PBXResourcesBuildPhase section */
		B43F9BB3249F3DD000ACC137 /* Resources */ = {
			isa = PBXResourcesBuildPhase;
			buildActionMask = 2147483647;
			files = (
				2D71E348254C9177007ECC14 /* InfoView.xib in Resources */,
				B4ACAC1F249F569900180834 /* ContactsTableViewCell.xib in Resources */,
				2DA0C22925A0F25500173507 /* swiftlint.yml in Resources */,
				B43F9BC5249F3DD100ACC137 /* LaunchScreen.storyboard in Resources */,
				2D0FAF46252786180050FA61 /* (null) in Resources */,
				B43F9BC2249F3DD100ACC137 /* Assets.xcassets in Resources */,
				B43F9BC0249F3DD000ACC137 /* Main.storyboard in Resources */,
			);
			runOnlyForDeploymentPostprocessing = 0;
		};
		B43F9BC9249F3DD100ACC137 /* Resources */ = {
			isa = PBXResourcesBuildPhase;
			buildActionMask = 2147483647;
			files = (
				B462EBAC24C20130007C9B9D /* contact.json in Resources */,
				2D71CDE1253CAE5C008025BE /* searchResults.json in Resources */,
				B462EBA824C1FC68007C9B9D /* contacts.json in Resources */,
				2DBAD00725B0C4D8004CB8F9 /* ErrorResponse.json in Resources */,
			);
			runOnlyForDeploymentPostprocessing = 0;
		};
/* End PBXResourcesBuildPhase section */

/* Begin PBXShellScriptBuildPhase section */
		54CE60AB87A67A33C7B63CAE /* [CP] Check Pods Manifest.lock */ = {
			isa = PBXShellScriptBuildPhase;
			buildActionMask = 2147483647;
			files = (
			);
			inputFileListPaths = (
			);
			inputPaths = (
				"${PODS_PODFILE_DIR_PATH}/Podfile.lock",
				"${PODS_ROOT}/Manifest.lock",
			);
			name = "[CP] Check Pods Manifest.lock";
			outputFileListPaths = (
			);
			outputPaths = (
				"$(DERIVED_FILE_DIR)/Pods-List-checkManifestLockResult.txt",
			);
			runOnlyForDeploymentPostprocessing = 0;
			shellPath = /bin/sh;
			shellScript = "diff \"${PODS_PODFILE_DIR_PATH}/Podfile.lock\" \"${PODS_ROOT}/Manifest.lock\" > /dev/null\nif [ $? != 0 ] ; then\n    # print error to STDERR\n    echo \"error: The sandbox is not in sync with the Podfile.lock. Run 'pod install' or update your CocoaPods installation.\" >&2\n    exit 1\nfi\n# This output is used by Xcode 'outputs' to avoid re-running this script phase.\necho \"SUCCESS\" > \"${SCRIPT_OUTPUT_FILE_0}\"\n";
			showEnvVarsInLog = 0;
		};
		853AFDE04B7FE53E4EA7E336 /* [CP] Embed Pods Frameworks */ = {
			isa = PBXShellScriptBuildPhase;
			buildActionMask = 2147483647;
			files = (
			);
			inputFileListPaths = (
				"${PODS_ROOT}/Target Support Files/Pods-List/Pods-List-frameworks-${CONFIGURATION}-input-files.xcfilelist",
			);
			name = "[CP] Embed Pods Frameworks";
			outputFileListPaths = (
				"${PODS_ROOT}/Target Support Files/Pods-List/Pods-List-frameworks-${CONFIGURATION}-output-files.xcfilelist",
			);
			runOnlyForDeploymentPostprocessing = 0;
			shellPath = /bin/sh;
			shellScript = "\"${PODS_ROOT}/Target Support Files/Pods-List/Pods-List-frameworks.sh\"\n";
			showEnvVarsInLog = 0;
		};
		E6E7C9AE0605848ED8762632 /* [CP] Check Pods Manifest.lock */ = {
			isa = PBXShellScriptBuildPhase;
			buildActionMask = 2147483647;
			files = (
			);
			inputFileListPaths = (
			);
			inputPaths = (
				"${PODS_PODFILE_DIR_PATH}/Podfile.lock",
				"${PODS_ROOT}/Manifest.lock",
			);
			name = "[CP] Check Pods Manifest.lock";
			outputFileListPaths = (
			);
			outputPaths = (
				"$(DERIVED_FILE_DIR)/Pods-ListTests-checkManifestLockResult.txt",
			);
			runOnlyForDeploymentPostprocessing = 0;
			shellPath = /bin/sh;
			shellScript = "diff \"${PODS_PODFILE_DIR_PATH}/Podfile.lock\" \"${PODS_ROOT}/Manifest.lock\" > /dev/null\nif [ $? != 0 ] ; then\n    # print error to STDERR\n    echo \"error: The sandbox is not in sync with the Podfile.lock. Run 'pod install' or update your CocoaPods installation.\" >&2\n    exit 1\nfi\n# This output is used by Xcode 'outputs' to avoid re-running this script phase.\necho \"SUCCESS\" > \"${SCRIPT_OUTPUT_FILE_0}\"\n";
			showEnvVarsInLog = 0;
		};
		EEED8945B9FA8DC78149DD09 /* [CP] Embed Pods Frameworks */ = {
			isa = PBXShellScriptBuildPhase;
			buildActionMask = 2147483647;
			files = (
			);
			inputFileListPaths = (
				"${PODS_ROOT}/Target Support Files/Pods-ListTests/Pods-ListTests-frameworks-${CONFIGURATION}-input-files.xcfilelist",
			);
			name = "[CP] Embed Pods Frameworks";
			outputFileListPaths = (
				"${PODS_ROOT}/Target Support Files/Pods-ListTests/Pods-ListTests-frameworks-${CONFIGURATION}-output-files.xcfilelist",
			);
			runOnlyForDeploymentPostprocessing = 0;
			shellPath = /bin/sh;
			shellScript = "\"${PODS_ROOT}/Target Support Files/Pods-ListTests/Pods-ListTests-frameworks.sh\"\n";
			showEnvVarsInLog = 0;
		};
/* End PBXShellScriptBuildPhase section */

/* Begin PBXSourcesBuildPhase section */
		B43F9BB1249F3DD000ACC137 /* Sources */ = {
			isa = PBXSourcesBuildPhase;
			buildActionMask = 2147483647;
			files = (
				B43F9BED249F44FB00ACC137 /* Contact.swift in Sources */,
				B43F9C0B249F4A2800ACC137 /* ContactsApiServiceImplm.swift in Sources */,
				B4ACAC22249F584400180834 /* Bindable.swift in Sources */,
				2D2F233D25795A93001F7227 /* MoyaService.swift in Sources */,
				2DBAD00B25B0C557004CB8F9 /* ListError.swift in Sources */,
				B43F9BFD249F489500ACC137 /* DataClass.swift in Sources */,
				B43F9BF7249F46D900ACC137 /* ContactsRepository.swift in Sources */,
				B43F9C06249F49A200ACC137 /* ContactsRepositoryImplm.swift in Sources */,
				2D87C707258FC75B006871CC /* ContactsService.swift in Sources */,
				2DBACFF625B0C2EF004CB8F9 /* Data+.swift in Sources */,
				2D37DD0B25224A4B003DCA67 /* BaseviewController.swift in Sources */,
				B490E30724BB8F9700B079C0 /* DetailContact.swift in Sources */,
				B43F9BE0249F417400ACC137 /* String+Extensions.swift in Sources */,
				B490E30424BB8F3D00B079C0 /* DetailContactsViewModel.swift in Sources */,
				2D87C69F258FC18A006871CC /* ListMoyaProvider.swift in Sources */,
				2D2F232F25795630001F7227 /* ApiError.swift in Sources */,
				B43F9BFB249F488500ACC137 /* SuperHeroResponse.swift in Sources */,
				2D87C69B258FC167006871CC /* MoyaApiService.swift in Sources */,
				2D87C70F258FCF28006871CC /* Moya+.swift in Sources */,
				B490E2FF24BB80D000B079C0 /* SelectedContactsViewController.swift in Sources */,
				2D71E347254C9177007ECC14 /* InfoView.swift in Sources */,
				B43F9BFF249F48AA00ACC137 /* Results.swift in Sources */,
				B4AEABCD24BE0A1E006C0B91 /* Scene+ViewController.swift in Sources */,
				B4EA035C24BEE370009ECBE4 /* SceneCoordinator.swift in Sources */,
				2D87C70B258FC9C1006871CC /* PaginatorParams.swift in Sources */,
				B43F9C03249F48E400ACC137 /* Extension.swift in Sources */,
				B43F9C09249F49D700ACC137 /* ContactsApiService.swift in Sources */,
				B4EA035E24BEE385009ECBE4 /* SceneCoordinatorType.swift in Sources */,
				2D87C717258FD127006871CC /* DomainContainerDI.swift in Sources */,
				2D2F23352579574D001F7227 /* DomainError.swift in Sources */,
				B4AEABCB24BE0950006C0B91 /* Scene.swift in Sources */,
				B43F9BB9249F3DD000ACC137 /* AppDelegate.swift in Sources */,
				2D87C700258FC563006871CC /* DataContainerDI.swift in Sources */,
				B4ACAC24249F586F00180834 /* PrimitiveSequence+Extensions.swift in Sources */,
				B43F9C0F249F4BD900ACC137 /* Application.swift in Sources */,
				B43F9BBB249F3DD000ACC137 /* SceneDelegate.swift in Sources */,
				B4ACAC1E249F569900180834 /* ContactsTableViewCell.swift in Sources */,
				B4ACAC1A249F54BE00180834 /* ListContactsViewController.swift in Sources */,
				B43F9BF4249F464900ACC137 /* ContactsUseCase.swift in Sources */,
				B43F9BDD249F414B00ACC137 /* BaseApiParams.swift in Sources */,
				B4ACAC18249F527E00180834 /* ContactsViewModel.swift in Sources */,
				B43F9C01249F48C400ACC137 /* Thumbnail.swift in Sources */,
				B43F9BE2249F419500ACC137 /* Date+Extensions.swift in Sources */,
				B4EA036024BEE434009ECBE4 /* SceneTransitionType.swift in Sources */,
			);
			runOnlyForDeploymentPostprocessing = 0;
		};
		B43F9BC7249F3DD100ACC137 /* Sources */ = {
			isa = PBXSourcesBuildPhase;
			buildActionMask = 2147483647;
			files = (
				B43F9BF9249F475F00ACC137 /* ContactsUseCaseTest.swift in Sources */,
				B45FF25224C30F7F00826F32 /* StoryTest.swift in Sources */,
				B4C0493E24D1FB500019FCD1 /* ContactsViewControllerTest.swift in Sources */,
				B424742724D8611E0036F25A /* SelectedContactsViewModelTest.swift in Sources */,
				B424742924D8735C0036F25A /* SelectedContactsViewControllerTest.swift in Sources */,
				B45FF25724C35E4700826F32 /* ContactsFake.swift in Sources */,
				B462EBA524C1FAD9007C9B9D /* ContactResponseTest.swift in Sources */,
				B45FF24F24C305F200826F32 /* ContactsRepositoryTest.swift in Sources */,
				B462EBAA24C1FC95007C9B9D /* XCTestCase+.swift in Sources */,
				2DBAD00325B0C3C7004CB8F9 /* ApiErrorTest.swift in Sources */,
				B45FF25524C3515100826F32 /* ContactViewModelTest.swift in Sources */,
			);
			runOnlyForDeploymentPostprocessing = 0;
		};
/* End PBXSourcesBuildPhase section */

/* Begin PBXTargetDependency section */
		B43F9BCD249F3DD100ACC137 /* PBXTargetDependency */ = {
			isa = PBXTargetDependency;
			target = B43F9BB4249F3DD000ACC137 /* List */;
			targetProxy = B43F9BCC249F3DD100ACC137 /* PBXContainerItemProxy */;
		};
/* End PBXTargetDependency section */

/* Begin PBXVariantGroup section */
		B43F9BBE249F3DD000ACC137 /* Main.storyboard */ = {
			isa = PBXVariantGroup;
			children = (
				B43F9BBF249F3DD000ACC137 /* Base */,
			);
			name = Main.storyboard;
			sourceTree = "<group>";
		};
		B43F9BC3249F3DD100ACC137 /* LaunchScreen.storyboard */ = {
			isa = PBXVariantGroup;
			children = (
				B43F9BC4249F3DD100ACC137 /* Base */,
			);
			name = LaunchScreen.storyboard;
			sourceTree = "<group>";
		};
/* End PBXVariantGroup section */

/* Begin XCBuildConfiguration section */
		B43F9BD2249F3DD100ACC137 /* Debug */ = {
			isa = XCBuildConfiguration;
			buildSettings = {
				ALWAYS_SEARCH_USER_PATHS = NO;
				CLANG_ANALYZER_NONNULL = YES;
				CLANG_ANALYZER_NUMBER_OBJECT_CONVERSION = YES_AGGRESSIVE;
				CLANG_CXX_LANGUAGE_STANDARD = "gnu++14";
				CLANG_CXX_LIBRARY = "libc++";
				CLANG_ENABLE_MODULES = YES;
				CLANG_ENABLE_OBJC_ARC = YES;
				CLANG_ENABLE_OBJC_WEAK = YES;
				CLANG_WARN_BLOCK_CAPTURE_AUTORELEASING = YES;
				CLANG_WARN_BOOL_CONVERSION = YES;
				CLANG_WARN_COMMA = YES;
				CLANG_WARN_CONSTANT_CONVERSION = YES;
				CLANG_WARN_DEPRECATED_OBJC_IMPLEMENTATIONS = YES;
				CLANG_WARN_DIRECT_OBJC_ISA_USAGE = YES_ERROR;
				CLANG_WARN_DOCUMENTATION_COMMENTS = YES;
				CLANG_WARN_EMPTY_BODY = YES;
				CLANG_WARN_ENUM_CONVERSION = YES;
				CLANG_WARN_INFINITE_RECURSION = YES;
				CLANG_WARN_INT_CONVERSION = YES;
				CLANG_WARN_NON_LITERAL_NULL_CONVERSION = YES;
				CLANG_WARN_OBJC_IMPLICIT_RETAIN_SELF = YES;
				CLANG_WARN_OBJC_LITERAL_CONVERSION = YES;
				CLANG_WARN_OBJC_ROOT_CLASS = YES_ERROR;
				CLANG_WARN_RANGE_LOOP_ANALYSIS = YES;
				CLANG_WARN_STRICT_PROTOTYPES = YES;
				CLANG_WARN_SUSPICIOUS_MOVE = YES;
				CLANG_WARN_UNGUARDED_AVAILABILITY = YES_AGGRESSIVE;
				CLANG_WARN_UNREACHABLE_CODE = YES;
				CLANG_WARN__DUPLICATE_METHOD_MATCH = YES;
				COPY_PHASE_STRIP = NO;
				DEBUG_INFORMATION_FORMAT = dwarf;
				ENABLE_STRICT_OBJC_MSGSEND = YES;
				ENABLE_TESTABILITY = YES;
				GCC_C_LANGUAGE_STANDARD = gnu11;
				GCC_DYNAMIC_NO_PIC = NO;
				GCC_NO_COMMON_BLOCKS = YES;
				GCC_OPTIMIZATION_LEVEL = 0;
				GCC_PREPROCESSOR_DEFINITIONS = (
					"DEBUG=1",
					"$(inherited)",
				);
				GCC_WARN_64_TO_32_BIT_CONVERSION = YES;
				GCC_WARN_ABOUT_RETURN_TYPE = YES_ERROR;
				GCC_WARN_UNDECLARED_SELECTOR = YES;
				GCC_WARN_UNINITIALIZED_AUTOS = YES_AGGRESSIVE;
				GCC_WARN_UNUSED_FUNCTION = YES;
				GCC_WARN_UNUSED_VARIABLE = YES;
				IPHONEOS_DEPLOYMENT_TARGET = 13.5;
				MTL_ENABLE_DEBUG_INFO = INCLUDE_SOURCE;
				MTL_FAST_MATH = YES;
				ONLY_ACTIVE_ARCH = YES;
				SDKROOT = iphoneos;
				SWIFT_ACTIVE_COMPILATION_CONDITIONS = DEBUG;
				SWIFT_OPTIMIZATION_LEVEL = "-Onone";
			};
			name = Debug;
		};
		B43F9BD3249F3DD100ACC137 /* Release */ = {
			isa = XCBuildConfiguration;
			buildSettings = {
				ALWAYS_SEARCH_USER_PATHS = NO;
				CLANG_ANALYZER_NONNULL = YES;
				CLANG_ANALYZER_NUMBER_OBJECT_CONVERSION = YES_AGGRESSIVE;
				CLANG_CXX_LANGUAGE_STANDARD = "gnu++14";
				CLANG_CXX_LIBRARY = "libc++";
				CLANG_ENABLE_MODULES = YES;
				CLANG_ENABLE_OBJC_ARC = YES;
				CLANG_ENABLE_OBJC_WEAK = YES;
				CLANG_WARN_BLOCK_CAPTURE_AUTORELEASING = YES;
				CLANG_WARN_BOOL_CONVERSION = YES;
				CLANG_WARN_COMMA = YES;
				CLANG_WARN_CONSTANT_CONVERSION = YES;
				CLANG_WARN_DEPRECATED_OBJC_IMPLEMENTATIONS = YES;
				CLANG_WARN_DIRECT_OBJC_ISA_USAGE = YES_ERROR;
				CLANG_WARN_DOCUMENTATION_COMMENTS = YES;
				CLANG_WARN_EMPTY_BODY = YES;
				CLANG_WARN_ENUM_CONVERSION = YES;
				CLANG_WARN_INFINITE_RECURSION = YES;
				CLANG_WARN_INT_CONVERSION = YES;
				CLANG_WARN_NON_LITERAL_NULL_CONVERSION = YES;
				CLANG_WARN_OBJC_IMPLICIT_RETAIN_SELF = YES;
				CLANG_WARN_OBJC_LITERAL_CONVERSION = YES;
				CLANG_WARN_OBJC_ROOT_CLASS = YES_ERROR;
				CLANG_WARN_RANGE_LOOP_ANALYSIS = YES;
				CLANG_WARN_STRICT_PROTOTYPES = YES;
				CLANG_WARN_SUSPICIOUS_MOVE = YES;
				CLANG_WARN_UNGUARDED_AVAILABILITY = YES_AGGRESSIVE;
				CLANG_WARN_UNREACHABLE_CODE = YES;
				CLANG_WARN__DUPLICATE_METHOD_MATCH = YES;
				COPY_PHASE_STRIP = NO;
				DEBUG_INFORMATION_FORMAT = "dwarf-with-dsym";
				ENABLE_NS_ASSERTIONS = NO;
				ENABLE_STRICT_OBJC_MSGSEND = YES;
				GCC_C_LANGUAGE_STANDARD = gnu11;
				GCC_NO_COMMON_BLOCKS = YES;
				GCC_WARN_64_TO_32_BIT_CONVERSION = YES;
				GCC_WARN_ABOUT_RETURN_TYPE = YES_ERROR;
				GCC_WARN_UNDECLARED_SELECTOR = YES;
				GCC_WARN_UNINITIALIZED_AUTOS = YES_AGGRESSIVE;
				GCC_WARN_UNUSED_FUNCTION = YES;
				GCC_WARN_UNUSED_VARIABLE = YES;
				IPHONEOS_DEPLOYMENT_TARGET = 13.5;
				MTL_ENABLE_DEBUG_INFO = NO;
				MTL_FAST_MATH = YES;
				SDKROOT = iphoneos;
				SWIFT_COMPILATION_MODE = wholemodule;
				SWIFT_OPTIMIZATION_LEVEL = "-O";
				VALIDATE_PRODUCT = YES;
			};
			name = Release;
		};
		B43F9BD5249F3DD100ACC137 /* Debug */ = {
			isa = XCBuildConfiguration;
			baseConfigurationReference = AD6151FA0D71D94FCF86DF88 /* Pods-List.debug.xcconfig */;
			buildSettings = {
				ALWAYS_EMBED_SWIFT_STANDARD_LIBRARIES = "$(inherited)";
				ASSETCATALOG_COMPILER_APPICON_NAME = AppIcon;
				CODE_SIGN_STYLE = Automatic;
				INFOPLIST_FILE = List/Info.plist;
				LD_RUNPATH_SEARCH_PATHS = (
					"$(inherited)",
					"@executable_path/Frameworks",
				);
				PRODUCT_BUNDLE_IDENTIFIER = com.mgi.list.List;
				PRODUCT_NAME = "$(TARGET_NAME)";
				SWIFT_VERSION = 5.0;
				TARGETED_DEVICE_FAMILY = 1;
			};
			name = Debug;
		};
		B43F9BD6249F3DD100ACC137 /* Release */ = {
			isa = XCBuildConfiguration;
			baseConfigurationReference = D542E817153DEBBEC9455F98 /* Pods-List.release.xcconfig */;
			buildSettings = {
				ALWAYS_EMBED_SWIFT_STANDARD_LIBRARIES = "$(inherited)";
				ASSETCATALOG_COMPILER_APPICON_NAME = AppIcon;
				CODE_SIGN_STYLE = Automatic;
				INFOPLIST_FILE = List/Info.plist;
				LD_RUNPATH_SEARCH_PATHS = (
					"$(inherited)",
					"@executable_path/Frameworks",
				);
				PRODUCT_BUNDLE_IDENTIFIER = com.mgi.list.List;
				PRODUCT_NAME = "$(TARGET_NAME)";
				SWIFT_VERSION = 5.0;
				TARGETED_DEVICE_FAMILY = 1;
			};
			name = Release;
		};
		B43F9BD8249F3DD100ACC137 /* Debug */ = {
			isa = XCBuildConfiguration;
			baseConfigurationReference = F607D0DA9039698B2420F9F2 /* Pods-ListTests.debug.xcconfig */;
			buildSettings = {
				ALWAYS_EMBED_SWIFT_STANDARD_LIBRARIES = YES;
				BUNDLE_LOADER = "$(TEST_HOST)";
				CLANG_ENABLE_MODULES = YES;
				CODE_SIGN_STYLE = Automatic;
				INFOPLIST_FILE = ListTests/Info.plist;
				IPHONEOS_DEPLOYMENT_TARGET = 13.5;
				LD_RUNPATH_SEARCH_PATHS = (
					"$(inherited)",
					"@executable_path/Frameworks",
					"@loader_path/Frameworks",
				);
				PRODUCT_BUNDLE_IDENTIFIER = com.mgi.list.ListTests;
				PRODUCT_NAME = "$(TARGET_NAME)";
				SWIFT_OPTIMIZATION_LEVEL = "-Onone";
				SWIFT_VERSION = 5.0;
				TARGETED_DEVICE_FAMILY = "1,2";
				TEST_HOST = "$(BUILT_PRODUCTS_DIR)/List.app/List";
			};
			name = Debug;
		};
		B43F9BD9249F3DD100ACC137 /* Release */ = {
			isa = XCBuildConfiguration;
			baseConfigurationReference = A686FDB7048A19DEA8984673 /* Pods-ListTests.release.xcconfig */;
			buildSettings = {
				ALWAYS_EMBED_SWIFT_STANDARD_LIBRARIES = YES;
				BUNDLE_LOADER = "$(TEST_HOST)";
				CLANG_ENABLE_MODULES = YES;
				CODE_SIGN_STYLE = Automatic;
				INFOPLIST_FILE = ListTests/Info.plist;
				IPHONEOS_DEPLOYMENT_TARGET = 13.5;
				LD_RUNPATH_SEARCH_PATHS = (
					"$(inherited)",
					"@executable_path/Frameworks",
					"@loader_path/Frameworks",
				);
				PRODUCT_BUNDLE_IDENTIFIER = com.mgi.list.ListTests;
				PRODUCT_NAME = "$(TARGET_NAME)";
				SWIFT_VERSION = 5.0;
				TARGETED_DEVICE_FAMILY = "1,2";
				TEST_HOST = "$(BUILT_PRODUCTS_DIR)/List.app/List";
			};
			name = Release;
		};
/* End XCBuildConfiguration section */

/* Begin XCConfigurationList section */
		B43F9BB0249F3DD000ACC137 /* Build configuration list for PBXProject "List" */ = {
			isa = XCConfigurationList;
			buildConfigurations = (
				B43F9BD2249F3DD100ACC137 /* Debug */,
				B43F9BD3249F3DD100ACC137 /* Release */,
			);
			defaultConfigurationIsVisible = 0;
			defaultConfigurationName = Release;
		};
		B43F9BD4249F3DD100ACC137 /* Build configuration list for PBXNativeTarget "List" */ = {
			isa = XCConfigurationList;
			buildConfigurations = (
				B43F9BD5249F3DD100ACC137 /* Debug */,
				B43F9BD6249F3DD100ACC137 /* Release */,
			);
			defaultConfigurationIsVisible = 0;
			defaultConfigurationName = Release;
		};
		B43F9BD7249F3DD100ACC137 /* Build configuration list for PBXNativeTarget "ListTests" */ = {
			isa = XCConfigurationList;
			buildConfigurations = (
				B43F9BD8249F3DD100ACC137 /* Debug */,
				B43F9BD9249F3DD100ACC137 /* Release */,
			);
			defaultConfigurationIsVisible = 0;
			defaultConfigurationName = Release;
		};
/* End XCConfigurationList section */
	};
	rootObject = B43F9BAD249F3DD000ACC137 /* Project object */;
}
